PODS:
  - Capacitor (5.0.4):
    - CapacitorCordova
  - CapacitorCordova (5.0.4)
  - CapacitorFilesystem (5.0.2):
    - Capacitor
  - CapacitorGeolocation (5.0.2):
    - Capacitor
  - CapacitorPreferences (5.0.2):
    - Capacitor

DEPENDENCIES:
  - "Capacitor (from `../../node_modules/@capacitor/ios`)"
  - "CapacitorCordova (from `../../node_modules/@capacitor/ios`)"
  - "CapacitorFilesystem (from `../../node_modules/@capacitor/filesystem`)"
  - "CapacitorGeolocation (from `../../node_modules/@capacitor/geolocation`)"
  - "CapacitorPreferences (from `../../node_modules/@capacitor/preferences`)"

EXTERNAL SOURCES:
  Capacitor:
    :path: "../../node_modules/@capacitor/ios"
  CapacitorCordova:
    :path: "../../node_modules/@capacitor/ios"
  CapacitorFilesystem:
    :path: "../../node_modules/@capacitor/filesystem"
  CapacitorGeolocation:
    :path: "../../node_modules/@capacitor/geolocation"
  CapacitorPreferences:
    :path: "../../node_modules/@capacitor/preferences"

SPEC CHECKSUMS:
  Capacitor: d3d4463573438b9fa65326d1f3549da6f4c21634
  CapacitorCordova: b1fe6bf1f36974a8e4a9044b342d22d49c0996d6
  CapacitorFilesystem: 3a7bb944feb5b7e9473adeb08662c73141510aa8
  CapacitorGeolocation: 8532cd1585dbf0b5b721fa65ea51a36bf9a71e92
  CapacitorPreferences: 0ad8838944f900284900d9647d9b0145c89ca27d

PODFILE CHECKSUM: f1234f361ca29bb146327be351ed5a8a9112c240

COCOAPODS: 1.12.1
